# THIS IS AN AUTOGENERATED FILE. DO NOT EDIT THIS FILE DIRECTLY.
# yarn lockfile v1


"@types/kdbxweb@^1.2.0":
  version "1.2.0"
  resolved "https://registry.npm.taobao.org/@types/kdbxweb/download/@types/kdbxweb-1.2.0.tgz#7240b9d1eb98fa9b3c26a6f92d60eeba1f342813"
  integrity sha1-ckC50euY+ps8Jqb5LWDuuh80KBM=

"@types/node@^12.12.11":
  version "12.12.11"
  resolved "https://registry.npm.taobao.org/@types/node/download/@types/node-12.12.11.tgz?cache=0&sync_timestamp=1574193493343&other_urls=https%3A%2F%2Fregistry.npm.taobao.org%2F%40types%2Fnode%2Fdownload%2F%40types%2Fnode-12.12.11.tgz#bec2961975888d964196bf0016a2f984d793d3ce"
  integrity sha1-vsKWGXWIjZZBlr8AFqL5hNeT084=

kdbxweb@^1.5.6:
  version "1.5.6"
  resolved "https://registry.npm.taobao.org/kdbxweb/download/kdbxweb-1.5.6.tgz#daca9550a121caa9fa66572c3efd8ba41dc5a459"
  integrity sha1-2sqVUKEhyqn6ZlcsPv2LpB3FpFk=
  dependencies:
    pako "github:keeweb/pako#653c0b00d8941c89d09ed4546d2179001ec44efc"
    text-encoding "github:keeweb/text-encoding#4dfb7cb0954c222852092f8b06ae4f6b4f60bfbb"
    xmldom "github:keeweb/xmldom#ec8f61f723e2f403adaf7a1bbf55ced4ff1ea0c6"

"pako@github:keeweb/pako#653c0b00d8941c89d09ed4546d2179001ec44efc":
  version "1.0.3"
  resolved "https://codeload.github.com/keeweb/pako/tar.gz/653c0b00d8941c89d09ed4546d2179001ec44efc"

"text-encoding@github:keeweb/text-encoding#4dfb7cb0954c222852092f8b06ae4f6b4f60bfbb":
  version "0.6.0"
  resolved "https://codeload.github.com/keeweb/text-encoding/tar.gz/4dfb7cb0954c222852092f8b06ae4f6b4f60bfbb"

"xmldom@github:keeweb/xmldom#ec8f61f723e2f403adaf7a1bbf55ced4ff1ea0c6":
  version "0.1.21"
  resolved "https://codeload.github.com/keeweb/xmldom/tar.gz/ec8f61f723e2f403adaf7a1bbf55ced4ff1ea0c6"
