# THIS IS AN AUTOGENERATED FILE. DO NOT EDIT THIS FILE DIRECTLY.
# yarn lockfile v1


"@types/kdbxweb@^1.2.0":
  version "1.2.0"
  resolved "https://registry.npm.taobao.org/@types/kdbxweb/download/@types/kdbxweb-1.2.0.tgz#7240b9d1eb98fa9b3c26a6f92d60eeba1f342813"
  integrity sha1-ckC50euY+ps8Jqb5LWDuuh80KBM=

"@types/node@^13.1.0":
  version "13.1.0"
  resolved "https://registry.npm.taobao.org/@types/node/download/@types/node-13.1.0.tgz?cache=0&sync_timestamp=1577119952955&other_urls=https%3A%2F%2Fregistry.npm.taobao.org%2F%40types%2Fnode%2Fdownload%2F%40types%2Fnode-13.1.0.tgz#225cbaac5fdb2b9ac651b02c070d8aa3c37cc812"
  integrity sha1-Ily6rF/bK5rGUbAsBw2Ko8N8yBI=

kdbxweb@^1.5.7:
  version "1.5.7"
  resolved "https://registry.npm.taobao.org/kdbxweb/download/kdbxweb-1.5.7.tgz#ecf009554fd96ded86ec7b46c94efdf13986e0d8"
  integrity sha1-7PAJVU/Zbe2G7HtGyU798TmG4Ng=
  dependencies:
    pako "github:keeweb/pako#653c0b00d8941c89d09ed4546d2179001ec44efc"
    text-encoding "github:keeweb/text-encoding#4dfb7cb0954c222852092f8b06ae4f6b4f60bfbb"
    xmldom "github:keeweb/xmldom#ec8f61f723e2f403adaf7a1bbf55ced4ff1ea0c6"

"pako@github:keeweb/pako#653c0b00d8941c89d09ed4546d2179001ec44efc":
  version "1.0.3"
  resolved "https://codeload.github.com/keeweb/pako/tar.gz/653c0b00d8941c89d09ed4546d2179001ec44efc"

"text-encoding@github:keeweb/text-encoding#4dfb7cb0954c222852092f8b06ae4f6b4f60bfbb":
  version "0.6.0"
  resolved "https://codeload.github.com/keeweb/text-encoding/tar.gz/4dfb7cb0954c222852092f8b06ae4f6b4f60bfbb"

utools-helper@../helper:
  version "1.0.0"
  dependencies:
    "@types/node" "^13.1.0"

"xmldom@github:keeweb/xmldom#ec8f61f723e2f403adaf7a1bbf55ced4ff1ea0c6":
  version "0.1.21"
  resolved "https://codeload.github.com/keeweb/xmldom/tar.gz/ec8f61f723e2f403adaf7a1bbf55ced4ff1ea0c6"
