# THIS IS AN AUTOGENERATED FILE. DO NOT EDIT THIS FILE DIRECTLY.
# yarn lockfile v1


"@types/node@^12.12.14":
  version "12.12.14"
  resolved "https://registry.npm.taobao.org/@types/node/download/@types/node-12.12.14.tgz?cache=0&sync_timestamp=1574723520942&other_urls=https%3A%2F%2Fregistry.npm.taobao.org%2F%40types%2Fnode%2Fdownload%2F%40types%2Fnode-12.12.14.tgz#1c1d6e3c75dba466e0326948d56e8bd72a1903d2"
  integrity sha1-HB1uPHXbpGbgMmlI1W6L1yoZA9I=

axios@^0.19.0:
  version "0.19.0"
  resolved "https://registry.npm.taobao.org/axios/download/axios-0.19.0.tgz#8e09bff3d9122e133f7b8101c8fbdd00ed3d2ab8"
  integrity sha1-jgm/89kSLhM/e4EByPvdAO09Krg=
  dependencies:
    follow-redirects "1.5.10"
    is-buffer "^2.0.2"

debug@=3.1.0:
  version "3.1.0"
  resolved "https://registry.npm.taobao.org/debug/download/debug-3.1.0.tgz#5bb5a0672628b64149566ba16819e61518c67261"
  integrity sha1-W7WgZyYotkFJVmuhaBnmFRjGcmE=
  dependencies:
    ms "2.0.0"

follow-redirects@1.5.10:
  version "1.5.10"
  resolved "https://registry.npm.taobao.org/follow-redirects/download/follow-redirects-1.5.10.tgz#7b7a9f9aea2fdff36786a94ff643ed07f4ff5e2a"
  integrity sha1-e3qfmuov3/NnhqlP9kPtB/T/Xio=
  dependencies:
    debug "=3.1.0"

is-buffer@^2.0.2:
  version "2.0.4"
  resolved "https://registry.npm.taobao.org/is-buffer/download/is-buffer-2.0.4.tgz?cache=0&sync_timestamp=1569904999656&other_urls=https%3A%2F%2Fregistry.npm.taobao.org%2Fis-buffer%2Fdownload%2Fis-buffer-2.0.4.tgz#3e572f23c8411a5cfd9557c849e3665e0b290623"
  integrity sha1-PlcvI8hBGlz9lVfISeNmXgspBiM=

mousetrap@^1.6.3:
  version "1.6.3"
  resolved "https://registry.npm.taobao.org/mousetrap/download/mousetrap-1.6.3.tgz#80fee49665fd478bccf072c9d46bdf1bfed3558a"
  integrity sha1-gP7klmX9R4vM8HLJ1GvfG/7TVYo=

ms@2.0.0:
  version "2.0.0"
  resolved "https://registry.npm.taobao.org/ms/download/ms-2.0.0.tgz#5608aeadfc00be6c2901df5f9861788de0d597c8"
  integrity sha1-VgiurfwAvmwpAd9fmGF4jeDVl8g=
