lockfileVersion: '6.0'

settings:
  autoInstallPeers: true
  excludeLinksFromLockfile: false

dependencies:
  throttle-debounce:
    specifier: ^3.0.1
    version: 3.0.1

devDependencies:
  '@types/node':
    specifier: 20.16.0
    version: 20.16.0
  '@types/throttle-debounce':
    specifier: ^2.1.0
    version: 2.1.0
  typescript:
    specifier: ^4.9.5
    version: 4.9.5
  utools-api-types:
    specifier: ^2.6.4
    version: 2.6.4

packages:

  /@types/node@20.16.0:
    resolution: {integrity: sha512-vDxceJcoZhIVh67S568bm1UGZO0DX0hpplJZxzeXMKwIPLn190ec5RRxQ69BKhX44SUGIxxgMdDY557lGLKprQ==}
    dependencies:
      undici-types: 6.19.8
    dev: true

  /@types/throttle-debounce@2.1.0:
    resolution: {integrity: sha512-5eQEtSCoESnh2FsiLTxE121IiE60hnMqcb435fShf4bpLRjEu1Eoekht23y6zXS9Ts3l+Szu3TARnTsA0GkOkQ==}
    dev: true

  /throttle-debounce@3.0.1:
    resolution: {integrity: sha512-dTEWWNu6JmeVXY0ZYoPuH5cRIwc0MeGbJwah9KUNYSJwommQpCzTySTpEe8Gs1J23aeWEuAobe4Ag7EHVt/LOg==}
    engines: {node: '>=10'}
    dev: false

  /typescript@4.9.5:
    resolution: {integrity: sha512-1FXk9E2Hm+QzZQ7z+McJiHL4NW1F2EzMu9Nq9i3zAaGqibafqYwCVU6WyWAuyQRRzOlxou8xZSyXLEN8oKj24g==}
    engines: {node: '>=4.2.0'}
    hasBin: true
    dev: true

  /undici-types@6.19.8:
    resolution: {integrity: sha512-ve2KP6f/JnbPBFyobGHuerC9g1FYGn/F8n1LWTwNxCEzd6IfqTwUQcNXgEtmmQ6DlRrC1hrSrBnCZPokRrDHjw==}
    dev: true

  /utools-api-types@2.6.4:
    resolution: {integrity: sha512-pJuGvjSScwePuc6F/PVtL6DSCm+XzF78CBKxFUU82FON4vB8MGDXPCp6Y/25T/ndKyiyFj1zCR8ObyxtdikzPg==}
    dev: true
