# THIS IS AN AUTOGENERATED FILE. DO NOT EDIT THIS FILE DIRECTLY.
# yarn lockfile v1


"@types/node@^15.0.1":
  version "15.0.1"
  resolved "https://registry.nlark.com/@types/node/download/@types/node-15.0.1.tgz?cache=0&sync_timestamp=1619534647758&other_urls=https%3A%2F%2Fregistry.nlark.com%2F%40types%2Fnode%2Fdownload%2F%40types%2Fnode-15.0.1.tgz#ef34dea0881028d11398be5bf4e856743e3dc35a"
  integrity sha1-7zTeoIgQKNETmL5b9OhWdD49w1o=

typescript@^4.2.4:
  version "4.2.4"
  resolved "https://registry.nlark.com/typescript/download/typescript-4.2.4.tgz#8610b59747de028fda898a8aef0e103f156d0961"
  integrity sha1-hhC1l0feAo/aiYqK7w4QPxVtCWE=
