{
  "name": "utools-iconfont",
  "version": "v2.1.0",
  "lockfileVersion": 1,
  "requires": true,
  "dependencies": {
    "@types/mousetrap": {
      "version": "1.6.3",
      "resolved": "https://registry.npm.taobao.org/@types/mousetrap/download/@types/mousetrap-1.6.3.tgz",
      "integrity": "sha1-MVmgGishyRVaPY+FWIiF1yXcmH0="
    },
    "@types/node": {
      "version": "15.12.4",
      "resolved": "https://registry.nlark.com/@types/node/download/@types/node-15.12.4.tgz",
      "integrity": "sha1-4c+BfXCh4RjoGSLE/2aDzp1CLiY=",
      "dev": true
    },
    "@types/throttle-debounce": {
      "version": "2.1.0",
      "resolved": "https://registry.nlark.com/@types/throttle-debounce/download/@types/throttle-debounce-2.1.0.tgz?cache=0&sync_timestamp=1621244398513&other_urls=https%3A%2F%2Fregistry.nlark.com%2F%40types%2Fthrottle-debounce%2Fdownload%2F%40types%2Fthrottle-debounce-2.1.0.tgz",
      "integrity": "sha1-HD32JL/Eti+ZLTASuExW1B6rN3Y=",
      "dev": true
    },
    "axios": {
      "version": "0.21.1",
      "resolved": "https://registry.npmjs.org/axios/-/axios-0.21.1.tgz",
      "integrity": "sha512-dKQiRHxGD9PPRIUNIWvZhPTPpl1rf/OxTYKsqKUDjBwYylTvV7SjSHJb9ratfyzM6wCdLCOYLzs73qpg5c4iGA==",
      "requires": {
        "follow-redirects": "^1.10.0"
      }
    },
    "follow-redirects": {
      "version": "1.13.1",
      "resolved": "https://registry.npmjs.org/follow-redirects/-/follow-redirects-1.13.1.tgz",
      "integrity": "sha512-SSG5xmZh1mkPGyKzjZP8zLjltIfpW32Y5QpdNJyjcfGxK3qo3NDDkZOZSFiGn1A6SclQxY9GzEwAHQ3dmYRWpg=="
    },
    "mousetrap": {
      "version": "1.6.5",
      "resolved": "https://registry.npm.taobao.org/mousetrap/download/mousetrap-1.6.5.tgz",
      "integrity": "sha1-inZtjCcrCDk9X1YHTgtewYNIW/k="
    },
    "throttle-debounce": {
      "version": "3.0.1",
      "resolved": "https://registry.npm.taobao.org/throttle-debounce/download/throttle-debounce-3.0.1.tgz?cache=0&sync_timestamp=1604313832516&other_urls=https%3A%2F%2Fregistry.npm.taobao.org%2Fthrottle-debounce%2Fdownload%2Fthrottle-debounce-3.0.1.tgz",
      "integrity": "sha1-MvlNhN+olPeGyaHykOemRbahmrs="
    },
    "utools-api-types": {
      "version": "2.0.3",
      "resolved": "https://registry.nlark.com/utools-api-types/download/utools-api-types-2.0.3.tgz",
      "integrity": "sha1-SxJ+Mn7r1G/4U8Nyt8KAe69c4WE=",
      "dev": true
    },
    "utools-helper": {
      "version": "2.1.0",
      "resolved": "https://registry.nlark.com/utools-helper/download/utools-helper-2.1.0.tgz?cache=0&sync_timestamp=1624269041330&other_urls=https%3A%2F%2Fregistry.nlark.com%2Futools-helper%2Fdownload%2Futools-helper-2.1.0.tgz",
      "integrity": "sha1-8yNZw7IG8ZkaxsbOVWHH70SMO2Q=",
      "requires": {
        "throttle-debounce": "^3.0.1"
      }
    }
  }
}
