{
  "name": "utools-iconfont",
  "version": "v2.1.0",
  "lockfileVersion": 2,
  "requires": true,
  "packages": {
    "": {
      "name": "utools-iconfont",
      "version": "v2.1.0",
      "license": "MIT",
      "dependencies": {
        "@types/mousetrap": "^1.6.3",
        "axios": "^0.21.2",
        "mousetrap": "^1.6.5",
        "utools-helper": "^2.1.0"
      },
      "devDependencies": {
        "@types/node": "^15.12.4",
        "@types/throttle-debounce": "^2.1.0",
        "utools-api-types": "^2.0.3"
      }
    },
    "node_modules/@types/mousetrap": {
      "version": "1.6.3",
      "resolved": "https://registry.npm.taobao.org/@types/mousetrap/download/@types/mousetrap-1.6.3.tgz",
      "integrity": "sha1-MVmgGishyRVaPY+FWIiF1yXcmH0="
    },
    "node_modules/@types/node": {
      "version": "15.12.4",
      "resolved": "https://registry.nlark.com/@types/node/download/@types/node-15.12.4.tgz",
      "integrity": "sha1-4c+BfXCh4RjoGSLE/2aDzp1CLiY=",
      "dev": true
    },
    "node_modules/@types/throttle-debounce": {
      "version": "2.1.0",
      "resolved": "https://registry.nlark.com/@types/throttle-debounce/download/@types/throttle-debounce-2.1.0.tgz?cache=0&sync_timestamp=1621244398513&other_urls=https%3A%2F%2Fregistry.nlark.com%2F%40types%2Fthrottle-debounce%2Fdownload%2F%40types%2Fthrottle-debounce-2.1.0.tgz",
      "integrity": "sha1-HD32JL/Eti+ZLTASuExW1B6rN3Y=",
      "dev": true
    },
    "node_modules/axios": {
      "version": "0.21.2",
      "resolved": "https://registry.npmjs.org/axios/-/axios-0.21.2.tgz",
      "integrity": "sha512-87otirqUw3e8CzHTMO+/9kh/FSgXt/eVDvipijwDtEuwbkySWZ9SBm6VEubmJ/kLKEoLQV/POhxXFb66bfekfg==",
      "dependencies": {
        "follow-redirects": "^1.14.0"
      }
    },
    "node_modules/follow-redirects": {
      "version": "1.14.4",
      "resolved": "https://registry.npmjs.org/follow-redirects/-/follow-redirects-1.14.4.tgz",
      "integrity": "sha512-zwGkiSXC1MUJG/qmeIFH2HBJx9u0V46QGUe3YR1fXG8bXQxq7fLj0RjLZQ5nubr9qNJUZrH+xUcwXEoXNpfS+g==",
      "funding": [
        {
          "type": "individual",
          "url": "https://github.com/sponsors/RubenVerborgh"
        }
      ],
      "engines": {
        "node": ">=4.0"
      },
      "peerDependenciesMeta": {
        "debug": {
          "optional": true
        }
      }
    },
    "node_modules/mousetrap": {
      "version": "1.6.5",
      "resolved": "https://registry.npm.taobao.org/mousetrap/download/mousetrap-1.6.5.tgz",
      "integrity": "sha1-inZtjCcrCDk9X1YHTgtewYNIW/k="
    },
    "node_modules/throttle-debounce": {
      "version": "3.0.1",
      "resolved": "https://registry.npm.taobao.org/throttle-debounce/download/throttle-debounce-3.0.1.tgz?cache=0&sync_timestamp=1604313832516&other_urls=https%3A%2F%2Fregistry.npm.taobao.org%2Fthrottle-debounce%2Fdownload%2Fthrottle-debounce-3.0.1.tgz",
      "integrity": "sha1-MvlNhN+olPeGyaHykOemRbahmrs=",
      "engines": {
        "node": ">=10"
      }
    },
    "node_modules/utools-api-types": {
      "version": "2.0.3",
      "resolved": "https://registry.nlark.com/utools-api-types/download/utools-api-types-2.0.3.tgz",
      "integrity": "sha1-SxJ+Mn7r1G/4U8Nyt8KAe69c4WE=",
      "dev": true
    },
    "node_modules/utools-helper": {
      "version": "2.1.0",
      "resolved": "https://registry.nlark.com/utools-helper/download/utools-helper-2.1.0.tgz?cache=0&sync_timestamp=1624269041330&other_urls=https%3A%2F%2Fregistry.nlark.com%2Futools-helper%2Fdownload%2Futools-helper-2.1.0.tgz",
      "integrity": "sha1-8yNZw7IG8ZkaxsbOVWHH70SMO2Q=",
      "dependencies": {
        "throttle-debounce": "^3.0.1"
      }
    }
  },
  "dependencies": {
    "@types/mousetrap": {
      "version": "1.6.3",
      "resolved": "https://registry.npm.taobao.org/@types/mousetrap/download/@types/mousetrap-1.6.3.tgz",
      "integrity": "sha1-MVmgGishyRVaPY+FWIiF1yXcmH0="
    },
    "@types/node": {
      "version": "15.12.4",
      "resolved": "https://registry.nlark.com/@types/node/download/@types/node-15.12.4.tgz",
      "integrity": "sha1-4c+BfXCh4RjoGSLE/2aDzp1CLiY=",
      "dev": true
    },
    "@types/throttle-debounce": {
      "version": "2.1.0",
      "resolved": "https://registry.nlark.com/@types/throttle-debounce/download/@types/throttle-debounce-2.1.0.tgz?cache=0&sync_timestamp=1621244398513&other_urls=https%3A%2F%2Fregistry.nlark.com%2F%40types%2Fthrottle-debounce%2Fdownload%2F%40types%2Fthrottle-debounce-2.1.0.tgz",
      "integrity": "sha1-HD32JL/Eti+ZLTASuExW1B6rN3Y=",
      "dev": true
    },
    "axios": {
      "version": "0.21.2",
      "resolved": "https://registry.npmjs.org/axios/-/axios-0.21.2.tgz",
      "integrity": "sha512-87otirqUw3e8CzHTMO+/9kh/FSgXt/eVDvipijwDtEuwbkySWZ9SBm6VEubmJ/kLKEoLQV/POhxXFb66bfekfg==",
      "requires": {
        "follow-redirects": "^1.14.0"
      }
    },
    "follow-redirects": {
      "version": "1.14.4",
      "resolved": "https://registry.npmjs.org/follow-redirects/-/follow-redirects-1.14.4.tgz",
      "integrity": "sha512-zwGkiSXC1MUJG/qmeIFH2HBJx9u0V46QGUe3YR1fXG8bXQxq7fLj0RjLZQ5nubr9qNJUZrH+xUcwXEoXNpfS+g=="
    },
    "mousetrap": {
      "version": "1.6.5",
      "resolved": "https://registry.npm.taobao.org/mousetrap/download/mousetrap-1.6.5.tgz",
      "integrity": "sha1-inZtjCcrCDk9X1YHTgtewYNIW/k="
    },
    "throttle-debounce": {
      "version": "3.0.1",
      "resolved": "https://registry.npm.taobao.org/throttle-debounce/download/throttle-debounce-3.0.1.tgz?cache=0&sync_timestamp=1604313832516&other_urls=https%3A%2F%2Fregistry.npm.taobao.org%2Fthrottle-debounce%2Fdownload%2Fthrottle-debounce-3.0.1.tgz",
      "integrity": "sha1-MvlNhN+olPeGyaHykOemRbahmrs="
    },
    "utools-api-types": {
      "version": "2.0.3",
      "resolved": "https://registry.nlark.com/utools-api-types/download/utools-api-types-2.0.3.tgz",
      "integrity": "sha1-SxJ+Mn7r1G/4U8Nyt8KAe69c4WE=",
      "dev": true
    },
    "utools-helper": {
      "version": "2.1.0",
      "resolved": "https://registry.nlark.com/utools-helper/download/utools-helper-2.1.0.tgz?cache=0&sync_timestamp=1624269041330&other_urls=https%3A%2F%2Fregistry.nlark.com%2Futools-helper%2Fdownload%2Futools-helper-2.1.0.tgz",
      "integrity": "sha1-8yNZw7IG8ZkaxsbOVWHH70SMO2Q=",
      "requires": {
        "throttle-debounce": "^3.0.1"
      }
    }
  }
}
