{
  "name": "utools-iconfont",
  "version": "v2.1.0",
  "lockfileVersion": 1,
  "requires": true,
  "dependencies": {
    "@types/mousetrap": {
      "version": "1.6.3",
      "resolved": "https://registry.npm.taobao.org/@types/mousetrap/download/@types/mousetrap-1.6.3.tgz",
      "integrity": "sha1-MVmgGishyRVaPY+FWIiF1yXcmH0="
    },
    "@types/node": {
      "version": "13.13.14",
      "resolved": "https://registry.npm.taobao.org/@types/node/download/@types/node-13.13.14.tgz",
      "integrity": "sha1-IM19Kpjww7CNN59OqeazFdIBlSk="
    },
    "axios": {
      "version": "0.19.2",
      "resolved": "https://registry.npm.taobao.org/axios/download/axios-0.19.2.tgz?cache=0&sync_timestamp=1594827713562&other_urls=https%3A%2F%2Fregistry.npm.taobao.org%2Faxios%2Fdownload%2Faxios-0.19.2.tgz",
      "integrity": "sha1-PqNsXYgY0NX4qKl6bTa4bNwAyyc=",
      "requires": {
        "follow-redirects": "1.5.10"
      }
    },
    "debug": {
      "version": "3.1.0",
      "resolved": "https://registry.npm.taobao.org/debug/download/debug-3.1.0.tgz",
      "integrity": "sha1-W7WgZyYotkFJVmuhaBnmFRjGcmE=",
      "requires": {
        "ms": "2.0.0"
      }
    },
    "follow-redirects": {
      "version": "1.5.10",
      "resolved": "https://registry.npm.taobao.org/follow-redirects/download/follow-redirects-1.5.10.tgz?cache=0&sync_timestamp=1592518389768&other_urls=https%3A%2F%2Fregistry.npm.taobao.org%2Ffollow-redirects%2Fdownload%2Ffollow-redirects-1.5.10.tgz",
      "integrity": "sha1-e3qfmuov3/NnhqlP9kPtB/T/Xio=",
      "requires": {
        "debug": "=3.1.0"
      }
    },
    "mousetrap": {
      "version": "1.6.5",
      "resolved": "https://registry.npm.taobao.org/mousetrap/download/mousetrap-1.6.5.tgz",
      "integrity": "sha1-inZtjCcrCDk9X1YHTgtewYNIW/k="
    },
    "ms": {
      "version": "2.0.0",
      "resolved": "https://registry.npm.taobao.org/ms/download/ms-2.0.0.tgz",
      "integrity": "sha1-VgiurfwAvmwpAd9fmGF4jeDVl8g="
    },
    "utools-helper": {
      "version": "1.1.1",
      "resolved": "https://registry.npm.taobao.org/utools-helper/download/utools-helper-1.1.1.tgz",
      "integrity": "sha1-hCaoXKLjUx8pC/cl0+nq0mFGzYk=",
      "requires": {
        "@types/node": "^13.1.0"
      }
    }
  }
}
