# THIS IS AN AUTOGENERATED FILE. DO NOT EDIT THIS FILE DIRECTLY.
# yarn lockfile v1


"@types/mousetrap@^1.6.3":
  version "1.6.3"
  resolved "https://registry.npm.taobao.org/@types/mousetrap/download/@types/mousetrap-1.6.3.tgz#3159a01a2b21c9155a3d8f85588885d725dc987d"
  integrity sha1-MVmgGishyRVaPY+FWIiF1yXcmH0=

"@types/node@*", "@types/node@^13.1.0":
  version "13.1.0"
  resolved "https://registry.npm.taobao.org/@types/node/download/@types/node-13.1.0.tgz?cache=0&sync_timestamp=1577119952955&other_urls=https%3A%2F%2Fregistry.npm.taobao.org%2F%40types%2Fnode%2Fdownload%2F%40types%2Fnode-13.1.0.tgz#225cbaac5fdb2b9ac651b02c070d8aa3c37cc812"
  integrity sha1-Ily6rF/bK5rGUbAsBw2Ko8N8yBI=

"@types/speakeasy@^2.0.5":
  version "2.0.5"
  resolved "https://registry.npm.taobao.org/@types/speakeasy/download/@types/speakeasy-2.0.5.tgz#dd7654110dcf6bb05d5ba16ca015319f617131e9"
  integrity sha1-3XZUEQ3Pa7BdW6FsoBUxn2FxMek=
  dependencies:
    "@types/node" "*"

base32.js@0.0.1:
  version "0.0.1"
  resolved "https://registry.npm.taobao.org/base32.js/download/base32.js-0.0.1.tgz#d045736a57b1f6c139f0c7df42518a84e91bb2ba"
  integrity sha1-0EVzalex9sE58MffQlGKhOkbsro=

class-transformer@^0.2.3:
  version "0.2.3"
  resolved "https://registry.npm.taobao.org/class-transformer/download/class-transformer-0.2.3.tgz#598c92ca71dcca73f91ccb875d74a3847ccfa32d"
  integrity sha1-WYySynHcynP5HMuHXXSjhHzPoy0=

cross-env@^6.0.3:
  version "6.0.3"
  resolved "https://registry.npm.taobao.org/cross-env/download/cross-env-6.0.3.tgz#4256b71e49b3a40637a0ce70768a6ef5c72ae941"
  integrity sha1-Qla3HkmzpAY3oM5wdopu9ccq6UE=
  dependencies:
    cross-spawn "^7.0.0"

cross-spawn@^7.0.0:
  version "7.0.1"
  resolved "https://registry.npm.taobao.org/cross-spawn/download/cross-spawn-7.0.1.tgz#0ab56286e0f7c24e153d04cc2aa027e43a9a5d14"
  integrity sha1-CrVihuD3wk4VPQTMKqAn5DqaXRQ=
  dependencies:
    path-key "^3.1.0"
    shebang-command "^2.0.0"
    which "^2.0.1"

es6-shim@^0.35.5:
  version "0.35.5"
  resolved "https://registry.npm.taobao.org/es6-shim/download/es6-shim-0.35.5.tgz#46f59dc0a84a1c5029e8ff1166ca0a902077a9ab"
  integrity sha1-RvWdwKhKHFAp6P8RZsoKkCB3qas=

isexe@^2.0.0:
  version "2.0.0"
  resolved "https://registry.npm.taobao.org/isexe/download/isexe-2.0.0.tgz?cache=0&other_urls=https%3A%2F%2Fregistry.npm.taobao.org%2Fisexe%2Fdownload%2Fisexe-2.0.0.tgz#e8fbf374dc556ff8947a10dcb0572d633f2cfa10"
  integrity sha1-6PvzdNxVb/iUehDcsFctYz8s+hA=

jsqr@^1.2.0:
  version "1.2.0"
  resolved "https://registry.npm.taobao.org/jsqr/download/jsqr-1.2.0.tgz#f93fc65fa7d1ded78b1bcb020fa044352b04261a"
  integrity sha1-+T/GX6fR3teLG8sCD6BENSsEJho=

mousetrap@^1.6.3:
  version "1.6.3"
  resolved "https://registry.npm.taobao.org/mousetrap/download/mousetrap-1.6.3.tgz#80fee49665fd478bccf072c9d46bdf1bfed3558a"
  integrity sha1-gP7klmX9R4vM8HLJ1GvfG/7TVYo=

path-key@^3.1.0:
  version "3.1.1"
  resolved "https://registry.npm.taobao.org/path-key/download/path-key-3.1.1.tgz#581f6ade658cbba65a0d3380de7753295054f375"
  integrity sha1-WB9q3mWMu6ZaDTOA3ndTKVBU83U=

reflect-metadata@^0.1.13:
  version "0.1.13"
  resolved "https://registry.npm.taobao.org/reflect-metadata/download/reflect-metadata-0.1.13.tgz#67ae3ca57c972a2aa1642b10fe363fe32d49dc08"
  integrity sha1-Z648pXyXKiqhZCsQ/jY/4y1J3Ag=

shebang-command@^2.0.0:
  version "2.0.0"
  resolved "https://registry.npm.taobao.org/shebang-command/download/shebang-command-2.0.0.tgz#ccd0af4f8835fbdc265b82461aaf0c36663f34ea"
  integrity sha1-zNCvT4g1+9wmW4JGGq8MNmY/NOo=
  dependencies:
    shebang-regex "^3.0.0"

shebang-regex@^3.0.0:
  version "3.0.0"
  resolved "https://registry.npm.taobao.org/shebang-regex/download/shebang-regex-3.0.0.tgz#ae16f1644d873ecad843b0307b143362d4c42172"
  integrity sha1-rhbxZE2HPsrYQ7AwexQzYtTEIXI=

speakeasy@^2.0.0:
  version "2.0.0"
  resolved "https://registry.npm.taobao.org/speakeasy/download/speakeasy-2.0.0.tgz#85c91a071b09a5cb8642590d983566165f57613a"
  integrity sha1-hckaBxsJpcuGQlkNmDVmFl9XYTo=
  dependencies:
    base32.js "0.0.1"

utools-helper@../helper:
  version "1.0.0"
  dependencies:
    "@types/node" "^13.1.0"

which@^2.0.1:
  version "2.0.2"
  resolved "https://registry.npm.taobao.org/which/download/which-2.0.2.tgz?cache=0&sync_timestamp=1574116720213&other_urls=https%3A%2F%2Fregistry.npm.taobao.org%2Fwhich%2Fdownload%2Fwhich-2.0.2.tgz#7c6a8dd0a636a0327e10b59c9286eee93f3f51b1"
  integrity sha1-fGqN0KY2oDJ+ELWckobu6T8/UbE=
  dependencies:
    isexe "^2.0.0"
