{
  "name": "utools-otp",
  "version": "1.0.0",
  "lockfileVersion": 1,
  "requires": true,
  "dependencies": {
    "@types/mousetrap": {
      "version": "1.6.3",
      "resolved": "https://registry.npmjs.org/@types/mousetrap/-/mousetrap-1.6.3.tgz",
      "integrity": "sha512-13gmo3M2qVvjQrWNseqM3+cR6S2Ss3grbR2NZltgMq94wOwqJYQdgn8qzwDshzgXqMlSUtyPZjysImmktu22ew==",
      "dev": true
    },
    "@types/node": {
      "version": "14.0.1",
      "resolved": "https://registry.npmjs.org/@types/node/-/node-14.0.1.tgz",
      "integrity": "sha512-FAYBGwC+W6F9+huFIDtn43cpy7+SzG+atzRiTfdp3inUKL2hXnd4rG8hylJLIh4+hqrQy1P17kvJByE/z825hA==",
      "dev": true
    },
    "@types/speakeasy": {
      "version": "2.0.5",
      "resolved": "https://registry.npmjs.org/@types/speakeasy/-/speakeasy-2.0.5.tgz",
      "integrity": "sha512-8jnDuZM/q77cd3naF5T3VRlNbNuYUvnixYYSu0dhpPxc9UNrBNubDlXoyVIyQgfvOd7pSc0cs4ETB5kygtpWZQ==",
      "dev": true,
      "requires": {
        "@types/node": "*"
      }
    },
    "base32.js": {
      "version": "0.0.1",
      "resolved": "https://registry.npmjs.org/base32.js/-/base32.js-0.0.1.tgz",
      "integrity": "sha1-0EVzalex9sE58MffQlGKhOkbsro="
    },
    "class-transformer": {
      "version": "0.2.3",
      "resolved": "https://registry.npmjs.org/class-transformer/-/class-transformer-0.2.3.tgz",
      "integrity": "sha512-qsP+0xoavpOlJHuYsQJsN58HXSl8Jvveo+T37rEvCEeRfMWoytAyR0Ua/YsFgpM6AZYZ/og2PJwArwzJl1aXtQ=="
    },
    "cross-env": {
      "version": "6.0.3",
      "resolved": "https://registry.npmjs.org/cross-env/-/cross-env-6.0.3.tgz",
      "integrity": "sha512-+KqxF6LCvfhWvADcDPqo64yVIB31gv/jQulX2NGzKS/g3GEVz6/pt4wjHFtFWsHMddebWD/sDthJemzM4MaAag==",
      "dev": true,
      "requires": {
        "cross-spawn": "^7.0.0"
      }
    },
    "cross-spawn": {
      "version": "7.0.2",
      "resolved": "https://registry.npmjs.org/cross-spawn/-/cross-spawn-7.0.2.tgz",
      "integrity": "sha512-PD6G8QG3S4FK/XCGFbEQrDqO2AnMMsy0meR7lerlIOHAAbkuavGU/pOqprrlvfTNjvowivTeBsjebAL0NSoMxw==",
      "dev": true,
      "requires": {
        "path-key": "^3.1.0",
        "shebang-command": "^2.0.0",
        "which": "^2.0.1"
      }
    },
    "es6-shim": {
      "version": "0.35.5",
      "resolved": "https://registry.npmjs.org/es6-shim/-/es6-shim-0.35.5.tgz",
      "integrity": "sha512-E9kK/bjtCQRpN1K28Xh4BlmP8egvZBGJJ+9GtnzOwt7mdqtrjHFuVGr7QJfdjBIKqrlU5duPf3pCBoDrkjVYFg=="
    },
    "isexe": {
      "version": "2.0.0",
      "resolved": "https://registry.npmjs.org/isexe/-/isexe-2.0.0.tgz",
      "integrity": "sha1-6PvzdNxVb/iUehDcsFctYz8s+hA=",
      "dev": true
    },
    "jsqr": {
      "version": "1.3.1",
      "resolved": "https://registry.npmjs.org/jsqr/-/jsqr-1.3.1.tgz",
      "integrity": "sha512-zCTP6Qd/WwjrpuHFkJuXc5opRdKprUr7eI7+JCCtcetThJt45qptu82MWQ+eET+FtDrMo7+BYjo3iD0XIq1L9Q=="
    },
    "mousetrap": {
      "version": "1.6.5",
      "resolved": "https://registry.npmjs.org/mousetrap/-/mousetrap-1.6.5.tgz",
      "integrity": "sha512-QNo4kEepaIBwiT8CDhP98umTetp+JNfQYBWvC1pc6/OAibuXtRcxZ58Qz8skvEHYvURne/7R8T5VoOI7rDsEUA=="
    },
    "path-key": {
      "version": "3.1.1",
      "resolved": "https://registry.npmjs.org/path-key/-/path-key-3.1.1.tgz",
      "integrity": "sha512-ojmeN0qd+y0jszEtoY48r0Peq5dwMEkIlCOu6Q5f41lfkswXuKtYrhgoTpLnyIcHm24Uhqx+5Tqm2InSwLhE6Q==",
      "dev": true
    },
    "reflect-metadata": {
      "version": "0.1.13",
      "resolved": "https://registry.npmjs.org/reflect-metadata/-/reflect-metadata-0.1.13.tgz",
      "integrity": "sha512-Ts1Y/anZELhSsjMcU605fU9RE4Oi3p5ORujwbIKXfWa+0Zxs510Qrmrce5/Jowq3cHSZSJqBjypxmHarc+vEWg=="
    },
    "shebang-command": {
      "version": "2.0.0",
      "resolved": "https://registry.npmjs.org/shebang-command/-/shebang-command-2.0.0.tgz",
      "integrity": "sha512-kHxr2zZpYtdmrN1qDjrrX/Z1rR1kG8Dx+gkpK1G4eXmvXswmcE1hTWBWYUzlraYw1/yZp6YuDY77YtvbN0dmDA==",
      "dev": true,
      "requires": {
        "shebang-regex": "^3.0.0"
      }
    },
    "shebang-regex": {
      "version": "3.0.0",
      "resolved": "https://registry.npmjs.org/shebang-regex/-/shebang-regex-3.0.0.tgz",
      "integrity": "sha512-7++dFhtcx3353uBaq8DDR4NuxBetBzC7ZQOhmTQInHEd6bSrXdiEyzCvG07Z44UYdLShWUyXt5M/yhz8ekcb1A==",
      "dev": true
    },
    "speakeasy": {
      "version": "2.0.0",
      "resolved": "https://registry.npmjs.org/speakeasy/-/speakeasy-2.0.0.tgz",
      "integrity": "sha1-hckaBxsJpcuGQlkNmDVmFl9XYTo=",
      "requires": {
        "base32.js": "0.0.1"
      }
    },
    "utools-helper": {
      "version": "1.0.3",
      "resolved": "https://registry.npmjs.org/utools-helper/-/utools-helper-1.0.3.tgz",
      "integrity": "sha512-nwQcr5YmRxygsKA/iOHT9lzN8PKgNQJoBg9q3YV9H0PTKAnuiu0BaYFoXxlGCQ7wXj6+Z+ySN+RCjmEBZ0AqPQ==",
      "requires": {
        "@types/node": "^13.1.0"
      },
      "dependencies": {
        "@types/node": {
          "version": "13.13.6",
          "resolved": "https://registry.npmjs.org/@types/node/-/node-13.13.6.tgz",
          "integrity": "sha512-zqRj8ugfROCjXCNbmPBe2mmQ0fJWP9lQaN519hwunOgpHgVykme4G6FW95++dyNFDvJUk4rtExkVkL0eciu5NA=="
        }
      }
    },
    "which": {
      "version": "2.0.2",
      "resolved": "https://registry.npmjs.org/which/-/which-2.0.2.tgz",
      "integrity": "sha512-BLI3Tl1TW3Pvl70l3yq3Y64i+awpwXqsGBYWkkqMtnbXgrMD+yj7rhW0kuEDxzJaYXGjEW5ogapKNMEKNMjibA==",
      "dev": true,
      "requires": {
        "isexe": "^2.0.0"
      }
    }
  }
}
