# THIS IS AN AUTOGENERATED FILE. DO NOT EDIT THIS FILE DIRECTLY.
# yarn lockfile v1


"@types/mousetrap@^1.6.3":
  version "1.6.3"
  resolved "https://registry.yarnpkg.com/@types/mousetrap/-/mousetrap-1.6.3.tgz#3159a01a2b21c9155a3d8f85588885d725dc987d"
  integrity sha512-13gmo3M2qVvjQrWNseqM3+cR6S2Ss3grbR2NZltgMq94wOwqJYQdgn8qzwDshzgXqMlSUtyPZjysImmktu22ew==

"@types/node@*":
  version "13.13.5"
  resolved "https://registry.yarnpkg.com/@types/node/-/node-13.13.5.tgz#96ec3b0afafd64a4ccea9107b75bf8489f0e5765"
  integrity sha512-3ySmiBYJPqgjiHA7oEaIo2Rzz0HrOZ7yrNO5HWyaE5q0lQ3BppDZ3N53Miz8bw2I7gh1/zir2MGVZBvpb1zq9g==

"@types/speakeasy@^2.0.5":
  version "2.0.5"
  resolved "https://registry.yarnpkg.com/@types/speakeasy/-/speakeasy-2.0.5.tgz#dd7654110dcf6bb05d5ba16ca015319f617131e9"
  integrity sha512-8jnDuZM/q77cd3naF5T3VRlNbNuYUvnixYYSu0dhpPxc9UNrBNubDlXoyVIyQgfvOd7pSc0cs4ETB5kygtpWZQ==
  dependencies:
    "@types/node" "*"

base32.js@0.0.1:
  version "0.0.1"
  resolved "https://registry.yarnpkg.com/base32.js/-/base32.js-0.0.1.tgz#d045736a57b1f6c139f0c7df42518a84e91bb2ba"
  integrity sha1-0EVzalex9sE58MffQlGKhOkbsro=

class-transformer@^0.2.3:
  version "0.2.3"
  resolved "https://registry.yarnpkg.com/class-transformer/-/class-transformer-0.2.3.tgz#598c92ca71dcca73f91ccb875d74a3847ccfa32d"
  integrity sha512-qsP+0xoavpOlJHuYsQJsN58HXSl8Jvveo+T37rEvCEeRfMWoytAyR0Ua/YsFgpM6AZYZ/og2PJwArwzJl1aXtQ==

cross-env@^6.0.3:
  version "6.0.3"
  resolved "https://registry.yarnpkg.com/cross-env/-/cross-env-6.0.3.tgz#4256b71e49b3a40637a0ce70768a6ef5c72ae941"
  integrity sha512-+KqxF6LCvfhWvADcDPqo64yVIB31gv/jQulX2NGzKS/g3GEVz6/pt4wjHFtFWsHMddebWD/sDthJemzM4MaAag==
  dependencies:
    cross-spawn "^7.0.0"

cross-spawn@^7.0.0:
  version "7.0.2"
  resolved "https://registry.yarnpkg.com/cross-spawn/-/cross-spawn-7.0.2.tgz#d0d7dcfa74e89115c7619f4f721a94e1fdb716d6"
  integrity sha512-PD6G8QG3S4FK/XCGFbEQrDqO2AnMMsy0meR7lerlIOHAAbkuavGU/pOqprrlvfTNjvowivTeBsjebAL0NSoMxw==
  dependencies:
    path-key "^3.1.0"
    shebang-command "^2.0.0"
    which "^2.0.1"

es6-shim@^0.35.5:
  version "0.35.5"
  resolved "https://registry.yarnpkg.com/es6-shim/-/es6-shim-0.35.5.tgz#46f59dc0a84a1c5029e8ff1166ca0a902077a9ab"
  integrity sha512-E9kK/bjtCQRpN1K28Xh4BlmP8egvZBGJJ+9GtnzOwt7mdqtrjHFuVGr7QJfdjBIKqrlU5duPf3pCBoDrkjVYFg==

isexe@^2.0.0:
  version "2.0.0"
  resolved "https://registry.yarnpkg.com/isexe/-/isexe-2.0.0.tgz#e8fbf374dc556ff8947a10dcb0572d633f2cfa10"
  integrity sha1-6PvzdNxVb/iUehDcsFctYz8s+hA=

jsqr@^1.2.0:
  version "1.3.1"
  resolved "https://registry.yarnpkg.com/jsqr/-/jsqr-1.3.1.tgz#515a766e58b00c80142f3a2dc4b8751100ceedcf"
  integrity sha512-zCTP6Qd/WwjrpuHFkJuXc5opRdKprUr7eI7+JCCtcetThJt45qptu82MWQ+eET+FtDrMo7+BYjo3iD0XIq1L9Q==

mousetrap@^1.6.3:
  version "1.6.5"
  resolved "https://registry.yarnpkg.com/mousetrap/-/mousetrap-1.6.5.tgz#8a766d8c272b08393d5f56074e0b5ec183485bf9"
  integrity sha512-QNo4kEepaIBwiT8CDhP98umTetp+JNfQYBWvC1pc6/OAibuXtRcxZ58Qz8skvEHYvURne/7R8T5VoOI7rDsEUA==

path-key@^3.1.0:
  version "3.1.1"
  resolved "https://registry.yarnpkg.com/path-key/-/path-key-3.1.1.tgz#581f6ade658cbba65a0d3380de7753295054f375"
  integrity sha512-ojmeN0qd+y0jszEtoY48r0Peq5dwMEkIlCOu6Q5f41lfkswXuKtYrhgoTpLnyIcHm24Uhqx+5Tqm2InSwLhE6Q==

reflect-metadata@^0.1.13:
  version "0.1.13"
  resolved "https://registry.yarnpkg.com/reflect-metadata/-/reflect-metadata-0.1.13.tgz#67ae3ca57c972a2aa1642b10fe363fe32d49dc08"
  integrity sha512-Ts1Y/anZELhSsjMcU605fU9RE4Oi3p5ORujwbIKXfWa+0Zxs510Qrmrce5/Jowq3cHSZSJqBjypxmHarc+vEWg==

shebang-command@^2.0.0:
  version "2.0.0"
  resolved "https://registry.yarnpkg.com/shebang-command/-/shebang-command-2.0.0.tgz#ccd0af4f8835fbdc265b82461aaf0c36663f34ea"
  integrity sha512-kHxr2zZpYtdmrN1qDjrrX/Z1rR1kG8Dx+gkpK1G4eXmvXswmcE1hTWBWYUzlraYw1/yZp6YuDY77YtvbN0dmDA==
  dependencies:
    shebang-regex "^3.0.0"

shebang-regex@^3.0.0:
  version "3.0.0"
  resolved "https://registry.yarnpkg.com/shebang-regex/-/shebang-regex-3.0.0.tgz#ae16f1644d873ecad843b0307b143362d4c42172"
  integrity sha512-7++dFhtcx3353uBaq8DDR4NuxBetBzC7ZQOhmTQInHEd6bSrXdiEyzCvG07Z44UYdLShWUyXt5M/yhz8ekcb1A==

speakeasy@^2.0.0:
  version "2.0.0"
  resolved "https://registry.yarnpkg.com/speakeasy/-/speakeasy-2.0.0.tgz#85c91a071b09a5cb8642590d983566165f57613a"
  integrity sha1-hckaBxsJpcuGQlkNmDVmFl9XYTo=
  dependencies:
    base32.js "0.0.1"

utools-helper@^0.1.3:
  version "0.1.6"
  resolved "https://registry.yarnpkg.com/utools-helper/-/utools-helper-0.1.6.tgz#e44c8019a7dad0703454c6f03d1b3f3b2930156a"
  integrity sha512-Kj1L7OSqXBjINr7QXmh/yz0Dz+Bqk2kpX39msUjWb7azrmWSAnMzF7nw8en2+fM07/RzAHag5bfy2sp8s2FEhQ==

which@^2.0.1:
  version "2.0.2"
  resolved "https://registry.yarnpkg.com/which/-/which-2.0.2.tgz#7c6a8dd0a636a0327e10b59c9286eee93f3f51b1"
  integrity sha512-BLI3Tl1TW3Pvl70l3yq3Y64i+awpwXqsGBYWkkqMtnbXgrMD+yj7rhW0kuEDxzJaYXGjEW5ogapKNMEKNMjibA==
  dependencies:
    isexe "^2.0.0"
