{
  "name": "utools-vedio-parse",
  "version": "1.0.0",
  "lockfileVersion": 1,
  "requires": true,
  "dependencies": {
    "@types/node": {
      "version": "13.13.14",
      "resolved": "https://registry.npmjs.org/@types/node/-/node-13.13.14.tgz",
      "integrity": "sha512-Az3QsOt1U/K1pbCQ0TXGELTuTkPLOiFIQf3ILzbOyo0FqgV9SxRnxbxM5QlAveERZMHpZY+7u3Jz2tKyl+yg6g=="
    },
    "utools-helper": {
      "version": "1.1.1",
      "resolved": "https://registry.npmjs.org/utools-helper/-/utools-helper-1.1.1.tgz",
      "integrity": "sha512-1Hai7y6ZtvN0cJI+Cv716Op19FSUVOG81xyrb7ayNIORCXG/ynSezf05o3Atthn14xT/SDywC6WwkbYTP8mT5g==",
      "requires": {
        "@types/node": "^13.1.0"
      }
    }
  }
}
