{
  "name": "utools-vedio-parse",
  "version": "1.1.0",
  "lockfileVersion": 1,
  "requires": true,
  "dependencies": {
    "@types/node": {
      "version": "13.13.15",
      "resolved": "https://registry.npm.taobao.org/@types/node/download/@types/node-13.13.15.tgz?cache=0&sync_timestamp=1597674929436&other_urls=https%3A%2F%2Fregistry.npm.taobao.org%2F%40types%2Fnode%2Fdownload%2F%40types%2Fnode-13.13.15.tgz",
      "integrity": "sha1-/hzDqkZaPqaFi3k/04C2bDmRl2Y="
    },
    "utools-helper": {
      "version": "1.4.6",
      "resolved": "https://registry.npm.taobao.org/utools-helper/download/utools-helper-1.4.6.tgz?cache=0&sync_timestamp=1597758771123&other_urls=https%3A%2F%2Fregistry.npm.taobao.org%2Futools-helper%2Fdownload%2Futools-helper-1.4.6.tgz",
      "integrity": "sha1-EHxKuIhvy8/al0AlH6FDs2SaHbg=",
      "requires": {
        "@types/node": "^13.1.0"
      }
    }
  }
}
