# THIS IS AN AUTOGENERATED FILE. DO NOT EDIT THIS FILE DIRECTLY.
# yarn lockfile v1


"@types/node@^13.1.0":
  version "13.1.0"
  resolved "https://registry.npm.taobao.org/@types/node/download/@types/node-13.1.0.tgz#225cbaac5fdb2b9ac651b02c070d8aa3c37cc812"
  integrity sha1-Ily6rF/bK5rGUbAsBw2Ko8N8yBI=

utools-helper@../helper:
  version "1.0.0"
  dependencies:
    "@types/node" "^13.1.0"
