{
  "name": "utools-vscode",
  "version": "v1.5.2",
  "lockfileVersion": 1,
  "requires": true,
  "dependencies": {
    "@types/node": {
      "version": "13.13.6",
      "resolved": "https://registry.npmjs.org/@types/node/-/node-13.13.6.tgz",
      "integrity": "sha512-zqRj8ugfROCjXCNbmPBe2mmQ0fJWP9lQaN519hwunOgpHgVykme4G6FW95++dyNFDvJUk4rtExkVkL0eciu5NA==",
      "dev": true
    },
    "utools-api-types": {
      "version": "2.0.3",
      "resolved": "https://registry.nlark.com/utools-api-types/download/utools-api-types-2.0.3.tgz",
      "integrity": "sha1-SxJ+Mn7r1G/4U8Nyt8KAe69c4WE=",
      "dev": true
    },
    "utools-helper": {
      "version": "1.5.1",
      "resolved": "https://registry.nlark.com/utools-helper/download/utools-helper-1.5.1.tgz",
      "integrity": "sha1-GlUBNNaMCGVvH5M9CUMrG9Okrfw=",
      "requires": {
        "@types/node": "^15.0.1"
      },
      "dependencies": {
        "@types/node": {
          "version": "15.12.4",
          "resolved": "https://registry.nlark.com/@types/node/download/@types/node-15.12.4.tgz",
          "integrity": "sha1-4c+BfXCh4RjoGSLE/2aDzp1CLiY="
        }
      }
    }
  }
}
