{
  "name": "utools-vscode",
  "version": "v1.5.2",
  "lockfileVersion": 2,
  "requires": true,
  "packages": {
    "": {
      "name": "utools-vscode",
      "version": "v1.5.2",
      "license": "MIT",
      "dependencies": {
        "utools-helper": "^2.0.0"
      },
      "devDependencies": {
        "@types/node": "^15.12.4",
        "@types/sql.js": "^1.4.3",
        "utools-api-types": "^2.0.3"
      }
    },
    "node_modules/@types/emscripten": {
      "version": "1.39.6",
      "resolved": "https://registry.npmmirror.com/@types/emscripten/-/emscripten-1.39.6.tgz",
      "integrity": "sha512-H90aoynNhhkQP6DRweEjJp5vfUVdIj7tdPLsu7pq89vODD/lcugKfZOsfgwpvM6XUewEp2N5dCg1Uf3Qe55Dcg==",
      "dev": true
    },
    "node_modules/@types/node": {
      "version": "15.12.4",
      "resolved": "https://registry.nlark.com/@types/node/download/@types/node-15.12.4.tgz",
      "integrity": "sha1-4c+BfXCh4RjoGSLE/2aDzp1CLiY=",
      "dev": true
    },
    "node_modules/@types/sql.js": {
      "version": "1.4.3",
      "resolved": "https://registry.npmmirror.com/@types/sql.js/-/sql.js-1.4.3.tgz",
      "integrity": "sha512-3bz1LJIiJtKMEL8tYf7c9Nrb1lYcFeWQkE8vhWvobE29ZzizW79DtoTjqx1bR82DS2Ch2K30nOwNhuLclZ1vYg==",
      "dev": true,
      "dependencies": {
        "@types/emscripten": "*",
        "@types/node": "*"
      }
    },
    "node_modules/utools-api-types": {
      "version": "2.0.3",
      "resolved": "https://registry.nlark.com/utools-api-types/download/utools-api-types-2.0.3.tgz",
      "integrity": "sha1-SxJ+Mn7r1G/4U8Nyt8KAe69c4WE=",
      "dev": true
    },
    "node_modules/utools-helper": {
      "version": "2.0.0",
      "resolved": "https://registry.nlark.com/utools-helper/download/utools-helper-2.0.0.tgz?cache=0&sync_timestamp=1624256839035&other_urls=https%3A%2F%2Fregistry.nlark.com%2Futools-helper%2Fdownload%2Futools-helper-2.0.0.tgz",
      "integrity": "sha1-bRSwLIMaySWhxqepTxkGrxHlV1o="
    }
  },
  "dependencies": {
    "@types/emscripten": {
      "version": "1.39.6",
      "resolved": "https://registry.npmmirror.com/@types/emscripten/-/emscripten-1.39.6.tgz",
      "integrity": "sha512-H90aoynNhhkQP6DRweEjJp5vfUVdIj7tdPLsu7pq89vODD/lcugKfZOsfgwpvM6XUewEp2N5dCg1Uf3Qe55Dcg==",
      "dev": true
    },
    "@types/node": {
      "version": "15.12.4",
      "resolved": "https://registry.nlark.com/@types/node/download/@types/node-15.12.4.tgz",
      "integrity": "sha1-4c+BfXCh4RjoGSLE/2aDzp1CLiY=",
      "dev": true
    },
    "@types/sql.js": {
      "version": "1.4.3",
      "resolved": "https://registry.npmmirror.com/@types/sql.js/-/sql.js-1.4.3.tgz",
      "integrity": "sha512-3bz1LJIiJtKMEL8tYf7c9Nrb1lYcFeWQkE8vhWvobE29ZzizW79DtoTjqx1bR82DS2Ch2K30nOwNhuLclZ1vYg==",
      "dev": true,
      "requires": {
        "@types/emscripten": "*",
        "@types/node": "*"
      }
    },
    "utools-api-types": {
      "version": "2.0.3",
      "resolved": "https://registry.nlark.com/utools-api-types/download/utools-api-types-2.0.3.tgz",
      "integrity": "sha1-SxJ+Mn7r1G/4U8Nyt8KAe69c4WE=",
      "dev": true
    },
    "utools-helper": {
      "version": "2.0.0",
      "resolved": "https://registry.nlark.com/utools-helper/download/utools-helper-2.0.0.tgz?cache=0&sync_timestamp=1624256839035&other_urls=https%3A%2F%2Fregistry.nlark.com%2Futools-helper%2Fdownload%2Futools-helper-2.0.0.tgz",
      "integrity": "sha1-bRSwLIMaySWhxqepTxkGrxHlV1o="
    }
  }
}
