{
  "name": "utools-vscode",
  "version": "v1.5.2",
  "lockfileVersion": 3,
  "requires": true,
  "packages": {
    "": {
      "name": "utools-vscode",
      "version": "v1.5.2",
      "license": "MIT",
      "dependencies": {
        "utools-helper": "^2.2.0"
      },
      "devDependencies": {
        "@types/node": "20.16.0",
        "@types/sql.js": "^1.4.9",
        "utools-api-types": "^2.6.4"
      }
    },
    "node_modules/@types/emscripten": {
      "version": "1.39.13",
      "resolved": "https://registry.npmjs.org/@types/emscripten/-/emscripten-1.39.13.tgz",
      "integrity": "sha512-cFq+fO/isvhvmuP/+Sl4K4jtU6E23DoivtbO4r50e3odaxAiVdbfSYRDdJ4gCdxx+3aRjhphS5ZMwIH4hFy/Cw==",
      "dev": true,
      "license": "MIT"
    },
    "node_modules/@types/node": {
      "version": "20.16.0",
      "resolved": "https://registry.npmjs.org/@types/node/-/node-20.16.0.tgz",
      "integrity": "sha512-vDxceJcoZhIVh67S568bm1UGZO0DX0hpplJZxzeXMKwIPLn190ec5RRxQ69BKhX44SUGIxxgMdDY557lGLKprQ==",
      "dev": true,
      "license": "MIT",
      "dependencies": {
        "undici-types": "~6.19.2"
      }
    },
    "node_modules/@types/sql.js": {
      "version": "1.4.9",
      "resolved": "https://registry.npmjs.org/@types/sql.js/-/sql.js-1.4.9.tgz",
      "integrity": "sha512-ep8b36RKHlgWPqjNG9ToUrPiwkhwh0AEzy883mO5Xnd+cL6VBH1EvSjBAAuxLUFF2Vn/moE3Me6v9E1Lo+48GQ==",
      "dev": true,
      "license": "MIT",
      "dependencies": {
        "@types/emscripten": "*",
        "@types/node": "*"
      }
    },
    "node_modules/throttle-debounce": {
      "version": "3.0.1",
      "resolved": "https://registry.npmjs.org/throttle-debounce/-/throttle-debounce-3.0.1.tgz",
      "integrity": "sha512-dTEWWNu6JmeVXY0ZYoPuH5cRIwc0MeGbJwah9KUNYSJwommQpCzTySTpEe8Gs1J23aeWEuAobe4Ag7EHVt/LOg==",
      "license": "MIT",
      "engines": {
        "node": ">=10"
      }
    },
    "node_modules/undici-types": {
      "version": "6.19.8",
      "resolved": "https://registry.npmjs.org/undici-types/-/undici-types-6.19.8.tgz",
      "integrity": "sha512-ve2KP6f/JnbPBFyobGHuerC9g1FYGn/F8n1LWTwNxCEzd6IfqTwUQcNXgEtmmQ6DlRrC1hrSrBnCZPokRrDHjw==",
      "dev": true,
      "license": "MIT"
    },
    "node_modules/utools-api-types": {
      "version": "2.6.4",
      "resolved": "https://registry.npmjs.org/utools-api-types/-/utools-api-types-2.6.4.tgz",
      "integrity": "sha512-pJuGvjSScwePuc6F/PVtL6DSCm+XzF78CBKxFUU82FON4vB8MGDXPCp6Y/25T/ndKyiyFj1zCR8ObyxtdikzPg==",
      "dev": true,
      "license": "MIT"
    },
    "node_modules/utools-helper": {
      "version": "2.2.0",
      "resolved": "https://registry.npmjs.org/utools-helper/-/utools-helper-2.2.0.tgz",
      "integrity": "sha512-EnyxkRg35ajuK4GglxuL+bFUAwGv7gRZdnsC2zg5m4stFlxc7S+i5boLkA3IIiOKvBKvFi94BA+bLrnJ1x6saA==",
      "license": "MIT",
      "dependencies": {
        "throttle-debounce": "^3.0.1"
      }
    }
  }
}
