# THIS IS AN AUTOGENERATED FILE. DO NOT EDIT THIS FILE DIRECTLY.
# yarn lockfile v1


"@types/emscripten@*":
  version "1.39.6"
  resolved "https://registry.npmmirror.com/@types/emscripten/-/emscripten-1.39.6.tgz"
  integrity sha512-H90aoynNhhkQP6DRweEjJp5vfUVdIj7tdPLsu7pq89vODD/lcugKfZOsfgwpvM6XUewEp2N5dCg1Uf3Qe55Dcg==

"@types/node@*":
  version "15.12.4"
  resolved "https://registry.nlark.com/@types/node/download/@types/node-15.12.4.tgz"
  integrity sha1-4c+BfXCh4RjoGSLE/2aDzp1CLiY=

"@types/node@^20.6.0":
  version "20.6.0"
  resolved "https://registry.npmmirror.com/@types/node/-/node-20.6.0.tgz#9d7daa855d33d4efec8aea88cd66db1c2f0ebe16"
  integrity sha512-najjVq5KN2vsH2U/xyh2opaSEz6cZMR2SetLIlxlj08nOcmPOemJmUK2o4kUzfLqfrWE0PIrNeE16XhYDd3nqg==

"@types/sql.js@^1.4.3":
  version "1.4.3"
  resolved "https://registry.npmmirror.com/@types/sql.js/-/sql.js-1.4.3.tgz"
  integrity sha512-3bz1LJIiJtKMEL8tYf7c9Nrb1lYcFeWQkE8vhWvobE29ZzizW79DtoTjqx1bR82DS2Ch2K30nOwNhuLclZ1vYg==
  dependencies:
    "@types/emscripten" "*"
    "@types/node" "*"

utools-api-types@^2.0.3:
  version "2.0.3"
  resolved "https://registry.nlark.com/utools-api-types/download/utools-api-types-2.0.3.tgz"
  integrity sha1-SxJ+Mn7r1G/4U8Nyt8KAe69c4WE=

utools-helper@^2.0.0:
  version "2.0.0"
  resolved "https://registry.nlark.com/utools-helper/download/utools-helper-2.0.0.tgz?cache=0&sync_timestamp=1624256839035&other_urls=https%3A%2F%2Fregistry.nlark.com%2Futools-helper%2Fdownload%2Futools-helper-2.0.0.tgz"
  integrity sha1-bRSwLIMaySWhxqepTxkGrxHlV1o=
