# THIS IS AN AUTOGENERATED FILE. DO NOT EDIT THIS FILE DIRECTLY.
# yarn lockfile v1


"@types/node@^15.12.4":
  "integrity" "sha1-4c+BfXCh4RjoGSLE/2aDzp1CLiY="
  "resolved" "https://registry.nlark.com/@types/node/download/@types/node-15.12.4.tgz"
  "version" "15.12.4"

"utools-api-types@^2.0.3":
  "integrity" "sha1-SxJ+Mn7r1G/4U8Nyt8KAe69c4WE="
  "resolved" "https://registry.nlark.com/utools-api-types/download/utools-api-types-2.0.3.tgz"
  "version" "2.0.3"

"utools-helper@^2.0.0":
  "integrity" "sha1-bRSwLIMaySWhxqepTxkGrxHlV1o="
  "resolved" "https://registry.nlark.com/utools-helper/download/utools-helper-2.0.0.tgz?cache=0&sync_timestamp=1624256839035&other_urls=https%3A%2F%2Fregistry.nlark.com%2Futools-helper%2Fdownload%2Futools-helper-2.0.0.tgz"
  "version" "2.0.0"
