# THIS IS AN AUTOGENERATED FILE. DO NOT EDIT THIS FILE DIRECTLY.
# yarn lockfile v1


"@types/emscripten@*":
  version "1.39.3"
  resolved "https://registry.yarnpkg.com/@types/emscripten/-/emscripten-1.39.3.tgz#cac2f24b4739c344c42f928a4c1af1aab245364e"
  integrity sha512-F+LPHVwVWp6bkhRq7sMdW0JsQMXd5ZuPbjwU/X6HaAtvIjRmYL2z4BCIopnBRcrzZLorVFf8gxY/GR7szLuPEw==

"@types/node@*", "@types/node@^13.1.0":
  version "13.13.5"
  resolved "https://registry.yarnpkg.com/@types/node/-/node-13.13.5.tgz#96ec3b0afafd64a4ccea9107b75bf8489f0e5765"
  integrity sha512-3ySmiBYJPqgjiHA7oEaIo2Rzz0HrOZ7yrNO5HWyaE5q0lQ3BppDZ3N53Miz8bw2I7gh1/zir2MGVZBvpb1zq9g==

"@types/sql.js@^1.0.2":
  version "1.0.2"
  resolved "https://registry.yarnpkg.com/@types/sql.js/-/sql.js-1.0.2.tgz#3fc9cdf25a012cdfa8c35b35300e9c40a036127f"
  integrity sha512-Dne6JoWSLELmQ/Cd/YVHTe/OyiU1yWVsKl+benqcbvsxUmnqoWA9OurfLlMuDe/rcv3vAOMLcA1Mdq9Pq8Lnpw==
  dependencies:
    "@types/emscripten" "*"
    "@types/node" "*"

sql.js@^1.2.2:
  version "1.2.2"
  resolved "https://registry.yarnpkg.com/sql.js/-/sql.js-1.2.2.tgz#0a4e6f6b9f1bd3af452c459034c1519bf66a575c"
  integrity sha512-T6Cb1+mRyabhONbAc95nlWydtRQ/p12MPhidi9FXCZg6gJo2GSqiUlDfoDy2h00PdfSvZioHn8MR8A0ks9z8KA==

utools-helper@^0.1.1:
  version "0.1.6"
  resolved "https://registry.yarnpkg.com/utools-helper/-/utools-helper-0.1.6.tgz#e44c8019a7dad0703454c6f03d1b3f3b2930156a"
  integrity sha512-Kj1L7OSqXBjINr7QXmh/yz0Dz+Bqk2kpX39msUjWb7azrmWSAnMzF7nw8en2+fM07/RzAHag5bfy2sp8s2FEhQ==
