# THIS IS AN AUTOGENERATED FILE. DO NOT EDIT THIS FILE DIRECTLY.
# yarn lockfile v1


"@types/emscripten@*":
  version "1.39.3"
  resolved "https://registry.npmjs.org/@types/emscripten/-/emscripten-1.39.3.tgz"
  integrity sha512-F+LPHVwVWp6bkhRq7sMdW0JsQMXd5ZuPbjwU/X6HaAtvIjRmYL2z4BCIopnBRcrzZLorVFf8gxY/GR7szLuPEw==

"@types/node@*", "@types/node@^13.1.0":
  version "13.13.5"
  resolved "https://registry.npmjs.org/@types/node/-/node-13.13.5.tgz"
  integrity sha512-3ySmiBYJPqgjiHA7oEaIo2Rzz0HrOZ7yrNO5HWyaE5q0lQ3BppDZ3N53Miz8bw2I7gh1/zir2MGVZBvpb1zq9g==

"@types/sql.js@^1.0.2":
  version "1.0.2"
  resolved "https://registry.npmjs.org/@types/sql.js/-/sql.js-1.0.2.tgz"
  integrity sha512-Dne6JoWSLELmQ/Cd/YVHTe/OyiU1yWVsKl+benqcbvsxUmnqoWA9OurfLlMuDe/rcv3vAOMLcA1Mdq9Pq8Lnpw==
  dependencies:
    "@types/emscripten" "*"
    "@types/node" "*"

utools-helper@^0.1.1:
  version "0.1.6"
  resolved "https://registry.npmjs.org/utools-helper/-/utools-helper-0.1.6.tgz"
  integrity sha512-Kj1L7OSqXBjINr7QXmh/yz0Dz+Bqk2kpX39msUjWb7azrmWSAnMzF7nw8en2+fM07/RzAHag5bfy2sp8s2FEhQ==
