{
  "name": "utools-process",
  "version": "v1.0.0",
  "lockfileVersion": 1,
  "requires": true,
  "dependencies": {
    "@types/node": {
      "version": "13.13.15",
      "resolved": "https://registry.npm.taobao.org/@types/node/download/@types/node-13.13.15.tgz",
      "integrity": "sha1-/hzDqkZaPqaFi3k/04C2bDmRl2Y="
    },
    "aggregate-error": {
      "version": "3.0.1",
      "resolved": "https://registry.npm.taobao.org/aggregate-error/download/aggregate-error-3.0.1.tgz",
      "integrity": "sha1-2y/nJG5Tb0DZtUQqOeEX191qJOA=",
      "requires": {
        "clean-stack": "^2.0.0",
        "indent-string": "^4.0.0"
      }
    },
    "clean-stack": {
      "version": "2.2.0",
      "resolved": "https://registry.npm.taobao.org/clean-stack/download/clean-stack-2.2.0.tgz?cache=0&sync_timestamp=1592035524745&other_urls=https%3A%2F%2Fregistry.npm.taobao.org%2Fclean-stack%2Fdownload%2Fclean-stack-2.2.0.tgz",
      "integrity": "sha1-7oRy27Ep5yezHooQpCfe6d/kAIs="
    },
    "file-icon": {
      "version": "4.0.0",
      "resolved": "https://registry.npm.taobao.org/file-icon/download/file-icon-4.0.0.tgz",
      "integrity": "sha1-QOLv0MqIAC8YDA6/pYe7pkrf1nM=",
      "requires": {
        "p-map": "^4.0.0"
      }
    },
    "indent-string": {
      "version": "4.0.0",
      "resolved": "https://registry.npm.taobao.org/indent-string/download/indent-string-4.0.0.tgz",
      "integrity": "sha1-Yk+PRJfWGbLZdoUx1Y9BIoVNclE="
    },
    "p-map": {
      "version": "4.0.0",
      "resolved": "https://registry.npm.taobao.org/p-map/download/p-map-4.0.0.tgz",
      "integrity": "sha1-uy+Vpe2i7BaOySdOBqdHw+KQTSs=",
      "requires": {
        "aggregate-error": "^3.0.0"
      }
    },
    "ps-list": {
      "version": "7.2.0",
      "resolved": "https://registry.npm.taobao.org/ps-list/download/ps-list-7.2.0.tgz",
      "integrity": "sha1-PREOHegkmksXjJsc8qIV0eTkL8A="
    },
    "utools-helper": {
      "version": "1.3.5",
      "resolved": "https://registry.npm.taobao.org/utools-helper/download/utools-helper-1.3.5.tgz?cache=0&sync_timestamp=1596729983869&other_urls=https%3A%2F%2Fregistry.npm.taobao.org%2Futools-helper%2Fdownload%2Futools-helper-1.3.5.tgz",
      "integrity": "sha1-TKQeF1wUeub1f+LRd/pZlC3T2AY=",
      "requires": {
        "@types/node": "^13.1.0"
      }
    }
  }
}
